dependencies:
  espressif/esp_lvgl_port:
    component_hash: b43dc04720d126cbfe14d53a84787e4c24b7bd7f15468e224c930ad3ffb32258
    source:
      service_url: https://api.components.espressif.com/
      type: service
    version: 1.4.0
  idf:
    component_hash: null
    source:
      type: idf
    version: 5.1.1
  lvgl/lvgl:
    component_hash: 948bff879a345149b83065535bbc4a026ce9f47498a22881e432a264b9098015
    source:
      service_url: https://api.components.espressif.com/
      type: service
    version: 8.3.11
manifest_hash: 65d2d664005cd38c7be204de015a3e9bd55f29765885f1a2413480f01d83c4c5
target: esp32
version: 1.0.0
